// !$*UTF8*$!
{
	archiveVersion = 1;
	classes = {
	};
	objectVersion = 56;
	objects = {

/* Begin PBXBuildFile section */
		8CB4A8162C6F665D00BFC231 /* maaApp.swift in Sources */ = {isa = PBXBuildFile; fileRef = 8CB4A8152C6F665D00BFC231 /* maaApp.swift */; };
		8CB4A81A2C6F665E00BFC231 /* Assets.xcassets in Resources */ = {isa = PBXBuildFile; fileRef = 8CB4A8192C6F665E00BFC231 /* Assets.xcassets */; };
		8CB4A81D2C6F665E00BFC231 /* Preview Assets.xcassets in Resources */ = {isa = PBXBuildFile; fileRef = 8CB4A81C2C6F665E00BFC231 /* Preview Assets.xcassets */; };
		8CB4A8252C6F66E900BFC231 /* TodoView.swift in Sources */ = {isa = PBXBuildFile; fileRef = 8CB4A8242C6F66E900BFC231 /* TodoView.swift */; };
		8CB4A8282C6F674200BFC231 /* BottomTab.swift in Sources */ = {isa = PBXBuildFile; fileRef = 8CB4A8272C6F674200BFC231 /* BottomTab.swift */; };
		8CB4A82B2C6F677900BFC231 /* InfoView.swift in Sources */ = {isa = PBXBuildFile; fileRef = 8CB4A82A2C6F677900BFC231 /* InfoView.swift */; };
		8CB4A82D2C6F67F100BFC231 /* CharacterInfo.swift in Sources */ = {isa = PBXBuildFile; fileRef = 8CB4A82C2C6F67F100BFC231 /* CharacterInfo.swift */; };
		8CB4A82F2C6F68F600BFC231 /* ContentContainer.swift in Sources */ = {isa = PBXBuildFile; fileRef = 8CB4A82E2C6F68F600BFC231 /* ContentContainer.swift */; };
		8CB4A8322C6F699300BFC231 /* SettingView.swift in Sources */ = {isa = PBXBuildFile; fileRef = 8CB4A8312C6F699300BFC231 /* SettingView.swift */; };
		8CB4A8352C6F69A800BFC231 /* Todo.swift in Sources */ = {isa = PBXBuildFile; fileRef = 8CB4A8342C6F69A800BFC231 /* Todo.swift */; };
		8CB4A8392C6F73A300BFC231 /* GoogleService-Info.plist in Resources */ = {isa = PBXBuildFile; fileRef = 8CB4A8382C6F73A300BFC231 /* GoogleService-Info.plist */; };
		8CB4A83C2C6F741200BFC231 /* FirebaseAnalytics in Frameworks */ = {isa = PBXBuildFile; productRef = 8CB4A83B2C6F741200BFC231 /* FirebaseAnalytics */; };
		8CB4A83E2C6F74AE00BFC231 /* FirebaseMessaging in Frameworks */ = {isa = PBXBuildFile; productRef = 8CB4A83D2C6F74AE00BFC231 /* FirebaseMessaging */; };
		8CB4A8472C6F9F6100BFC231 /* MaaView.swift in Sources */ = {isa = PBXBuildFile; fileRef = 8CB4A8462C6F9F6100BFC231 /* MaaView.swift */; };
/* End PBXBuildFile section */

/* Begin PBXFileReference section */
		8CB4A8122C6F665D00BFC231 /* maa.app */ = {isa = PBXFileReference; explicitFileType = wrapper.application; includeInIndex = 0; path = maa.app; sourceTree = BUILT_PRODUCTS_DIR; };
		8CB4A8152C6F665D00BFC231 /* maaApp.swift */ = {isa = PBXFileReference; lastKnownFileType = sourcecode.swift; path = maaApp.swift; sourceTree = "<group>"; };
		8CB4A8192C6F665E00BFC231 /* Assets.xcassets */ = {isa = PBXFileReference; lastKnownFileType = folder.assetcatalog; path = Assets.xcassets; sourceTree = "<group>"; };
		8CB4A81C2C6F665E00BFC231 /* Preview Assets.xcassets */ = {isa = PBXFileReference; lastKnownFileType = folder.assetcatalog; path = "Preview Assets.xcassets"; sourceTree = "<group>"; };
		8CB4A8242C6F66E900BFC231 /* TodoView.swift */ = {isa = PBXFileReference; lastKnownFileType = sourcecode.swift; path = TodoView.swift; sourceTree = "<group>"; };
		8CB4A8272C6F674200BFC231 /* BottomTab.swift */ = {isa = PBXFileReference; lastKnownFileType = sourcecode.swift; path = BottomTab.swift; sourceTree = "<group>"; };
		8CB4A82A2C6F677900BFC231 /* InfoView.swift */ = {isa = PBXFileReference; lastKnownFileType = sourcecode.swift; path = InfoView.swift; sourceTree = "<group>"; };
		8CB4A82C2C6F67F100BFC231 /* CharacterInfo.swift */ = {isa = PBXFileReference; lastKnownFileType = sourcecode.swift; path = CharacterInfo.swift; sourceTree = "<group>"; };
		8CB4A82E2C6F68F600BFC231 /* ContentContainer.swift */ = {isa = PBXFileReference; lastKnownFileType = sourcecode.swift; path = ContentContainer.swift; sourceTree = "<group>"; };
		8CB4A8312C6F699300BFC231 /* SettingView.swift */ = {isa = PBXFileReference; lastKnownFileType = sourcecode.swift; path = SettingView.swift; sourceTree = "<group>"; };
		8CB4A8342C6F69A800BFC231 /* Todo.swift */ = {isa = PBXFileReference; lastKnownFileType = sourcecode.swift; path = Todo.swift; sourceTree = "<group>"; };
		8CB4A8382C6F73A300BFC231 /* GoogleService-Info.plist */ = {isa = PBXFileReference; fileEncoding = 4; lastKnownFileType = text.plist.xml; path = "GoogleService-Info.plist"; sourceTree = "<group>"; };
		8CB4A83F2C6F776700BFC231 /* maa.entitlements */ = {isa = PBXFileReference; lastKnownFileType = text.plist.entitlements; path = maa.entitlements; sourceTree = "<group>"; };
		8CB4A8402C6F779200BFC231 /* Info.plist */ = {isa = PBXFileReference; lastKnownFileType = text.plist; path = Info.plist; sourceTree = "<group>"; };
		8CB4A8462C6F9F6100BFC231 /* MaaView.swift */ = {isa = PBXFileReference; lastKnownFileType = sourcecode.swift; path = MaaView.swift; sourceTree = "<group>"; };
/* End PBXFileReference section */

/* Begin PBXFrameworksBuildPhase section */
		8CB4A80F2C6F665D00BFC231 /* Frameworks */ = {
			isa = PBXFrameworksBuildPhase;
			buildActionMask = 2147483647;
			files = (
				8CB4A83E2C6F74AE00BFC231 /* FirebaseMessaging in Frameworks */,
				8CB4A83C2C6F741200BFC231 /* FirebaseAnalytics in Frameworks */,
			);
			runOnlyForDeploymentPostprocessing = 0;
		};
/* End PBXFrameworksBuildPhase section */

/* Begin PBXGroup section */
		8CB4A8092C6F665D00BFC231 = {
			isa = PBXGroup;
			children = (
				8CB4A8142C6F665D00BFC231 /* maa */,
				8CB4A8132C6F665D00BFC231 /* Products */,
			);
			sourceTree = "<group>";
		};
		8CB4A8132C6F665D00BFC231 /* Products */ = {
			isa = PBXGroup;
			children = (
				8CB4A8122C6F665D00BFC231 /* maa.app */,
			);
			name = Products;
			sourceTree = "<group>";
		};
		8CB4A8142C6F665D00BFC231 /* maa */ = {
			isa = PBXGroup;
			children = (
				8CB4A8402C6F779200BFC231 /* Info.plist */,
				8CB4A83F2C6F776700BFC231 /* maa.entitlements */,
				8CB4A8382C6F73A300BFC231 /* GoogleService-Info.plist */,
				8CB4A8332C6F699900BFC231 /* Model */,
				8CB4A8262C6F670C00BFC231 /* Component */,
				8CB4A8302C6F697E00BFC231 /* Setting */,
				8CB4A8292C6F676700BFC231 /* Info */,
				8CB4A8232C6F66D600BFC231 /* Todo */,
				8CB4A8152C6F665D00BFC231 /* maaApp.swift */,
				8CB4A8192C6F665E00BFC231 /* Assets.xcassets */,
				8CB4A81B2C6F665E00BFC231 /* Preview Content */,
			);
			path = maa;
			sourceTree = "<group>";
		};
		8CB4A81B2C6F665E00BFC231 /* Preview Content */ = {
			isa = PBXGroup;
			children = (
				8CB4A81C2C6F665E00BFC231 /* Preview Assets.xcassets */,
			);
			path = "Preview Content";
			sourceTree = "<group>";
		};
		8CB4A8232C6F66D600BFC231 /* Todo */ = {
			isa = PBXGroup;
			children = (
				8CB4A8242C6F66E900BFC231 /* TodoView.swift */,
			);
			path = Todo;
			sourceTree = "<group>";
		};
		8CB4A8262C6F670C00BFC231 /* Component */ = {
			isa = PBXGroup;
			children = (
				8CB4A8272C6F674200BFC231 /* BottomTab.swift */,
				8CB4A82C2C6F67F100BFC231 /* CharacterInfo.swift */,
				8CB4A82E2C6F68F600BFC231 /* ContentContainer.swift */,
				8CB4A8462C6F9F6100BFC231 /* MaaView.swift */,
			);
			path = Component;
			sourceTree = "<group>";
		};
		8CB4A8292C6F676700BFC231 /* Info */ = {
			isa = PBXGroup;
			children = (
				8CB4A82A2C6F677900BFC231 /* InfoView.swift */,
			);
			path = Info;
			sourceTree = "<group>";
		};
		8CB4A8302C6F697E00BFC231 /* Setting */ = {
			isa = PBXGroup;
			children = (
				8CB4A8312C6F699300BFC231 /* SettingView.swift */,
			);
			path = Setting;
			sourceTree = "<group>";
		};
		8CB4A8332C6F699900BFC231 /* Model */ = {
			isa = PBXGroup;
			children = (
				8CB4A8342C6F69A800BFC231 /* Todo.swift */,
			);
			path = Model;
			sourceTree = "<group>";
		};
/* End PBXGroup section */

/* Begin PBXNativeTarget section */
		8CB4A8112C6F665D00BFC231 /* maa */ = {
			isa = PBXNativeTarget;
			buildConfigurationList = 8CB4A8202C6F665E00BFC231 /* Build configuration list for PBXNativeTarget "maa" */;
			buildPhases = (
				8CB4A80E2C6F665D00BFC231 /* Sources */,
				8CB4A80F2C6F665D00BFC231 /* Frameworks */,
				8CB4A8102C6F665D00BFC231 /* Resources */,
			);
			buildRules = (
			);
			dependencies = (
			);
			name = maa;
			packageProductDependencies = (
				8CB4A83B2C6F741200BFC231 /* FirebaseAnalytics */,
				8CB4A83D2C6F74AE00BFC231 /* FirebaseMessaging */,
			);
			productName = maa;
			productReference = 8CB4A8122C6F665D00BFC231 /* maa.app */;
			productType = "com.apple.product-type.application";
		};
/* End PBXNativeTarget section */

/* Begin PBXProject section */
		8CB4A80A2C6F665D00BFC231 /* Project object */ = {
			isa = PBXProject;
			attributes = {
				BuildIndependentTargetsInParallel = 1;
				LastSwiftUpdateCheck = 1540;
				LastUpgradeCheck = 1540;
				TargetAttributes = {
					8CB4A8112C6F665D00BFC231 = {
						CreatedOnToolsVersion = 15.4;
					};
				};
			};
			buildConfigurationList = 8CB4A80D2C6F665D00BFC231 /* Build configuration list for PBXProject "maa" */;
			compatibilityVersion = "Xcode 14.0";
			developmentRegion = en;
			hasScannedForEncodings = 0;
			knownRegions = (
				en,
				Base,
			);
			mainGroup = 8CB4A8092C6F665D00BFC231;
			packageReferences = (
				8CB4A83A2C6F741200BFC231 /* XCRemoteSwiftPackageReference "firebase-ios-sdk" */,
			);
			productRefGroup = 8CB4A8132C6F665D00BFC231 /* Products */;
			projectDirPath = "";
			projectRoot = "";
			targets = (
				8CB4A8112C6F665D00BFC231 /* maa */,
			);
		};
/* End PBXProject section */

/* Begin PBXResourcesBuildPhase section */
		8CB4A8102C6F665D00BFC231 /* Resources */ = {
			isa = PBXResourcesBuildPhase;
			buildActionMask = 2147483647;
			files = (
				8CB4A8392C6F73A300BFC231 /* GoogleService-Info.plist in Resources */,
				8CB4A81D2C6F665E00BFC231 /* Preview Assets.xcassets in Resources */,
				8CB4A81A2C6F665E00BFC231 /* Assets.xcassets in Resources */,
			);
			runOnlyForDeploymentPostprocessing = 0;
		};
/* End PBXResourcesBuildPhase section */

/* Begin PBXSourcesBuildPhase section */
		8CB4A80E2C6F665D00BFC231 /* Sources */ = {
			isa = PBXSourcesBuildPhase;
			buildActionMask = 2147483647;
			files = (
				8CB4A8472C6F9F6100BFC231 /* MaaView.swift in Sources */,
				8CB4A82B2C6F677900BFC231 /* InfoView.swift in Sources */,
				8CB4A8252C6F66E900BFC231 /* TodoView.swift in Sources */,
				8CB4A82F2C6F68F600BFC231 /* ContentContainer.swift in Sources */,
				8CB4A8352C6F69A800BFC231 /* Todo.swift in Sources */,
				8CB4A8322C6F699300BFC231 /* SettingView.swift in Sources */,
				8CB4A82D2C6F67F100BFC231 /* CharacterInfo.swift in Sources */,
				8CB4A8282C6F674200BFC231 /* BottomTab.swift in Sources */,
				8CB4A8162C6F665D00BFC231 /* maaApp.swift in Sources */,
			);
			runOnlyForDeploymentPostprocessing = 0;
		};
/* End PBXSourcesBuildPhase section */

/* Begin XCBuildConfiguration section */
		8CB4A81E2C6F665E00BFC231 /* Debug */ = {
			isa = XCBuildConfiguration;
			buildSettings = {
				ALWAYS_SEARCH_USER_PATHS = NO;
				ASSETCATALOG_COMPILER_GENERATE_SWIFT_ASSET_SYMBOL_EXTENSIONS = YES;
				CLANG_ANALYZER_NONNULL = YES;
				CLANG_ANALYZER_NUMBER_OBJECT_CONVERSION = YES_AGGRESSIVE;
				CLANG_CXX_LANGUAGE_STANDARD = "gnu++20";
				CLANG_ENABLE_MODULES = YES;
				CLANG_ENABLE_OBJC_ARC = YES;
				CLANG_ENABLE_OBJC_WEAK = YES;
				CLANG_WARN_BLOCK_CAPTURE_AUTORELEASING = YES;
				CLANG_WARN_BOOL_CONVERSION = YES;
				CLANG_WARN_COMMA = YES;
				CLANG_WARN_CONSTANT_CONVERSION = YES;
				CLANG_WARN_DEPRECATED_OBJC_IMPLEMENTATIONS = YES;
				CLANG_WARN_DIRECT_OBJC_ISA_USAGE = YES_ERROR;
				CLANG_WARN_DOCUMENTATION_COMMENTS = YES;
				CLANG_WARN_EMPTY_BODY = YES;
				CLANG_WARN_ENUM_CONVERSION = YES;
				CLANG_WARN_INFINITE_RECURSION = YES;
				CLANG_WARN_INT_CONVERSION = YES;
				CLANG_WARN_NON_LITERAL_NULL_CONVERSION = YES;
				CLANG_WARN_OBJC_IMPLICIT_RETAIN_SELF = YES;
				CLANG_WARN_OBJC_LITERAL_CONVERSION = YES;
				CLANG_WARN_OBJC_ROOT_CLASS = YES_ERROR;
				CLANG_WARN_QUOTED_INCLUDE_IN_FRAMEWORK_HEADER = YES;
				CLANG_WARN_RANGE_LOOP_ANALYSIS = YES;
				CLANG_WARN_STRICT_PROTOTYPES = YES;
				CLANG_WARN_SUSPICIOUS_MOVE = YES;
				CLANG_WARN_UNGUARDED_AVAILABILITY = YES_AGGRESSIVE;
				CLANG_WARN_UNREACHABLE_CODE = YES;
				CLANG_WARN__DUPLICATE_METHOD_MATCH = YES;
				COPY_PHASE_STRIP = NO;
				DEBUG_INFORMATION_FORMAT = dwarf;
				ENABLE_STRICT_OBJC_MSGSEND = YES;
				ENABLE_TESTABILITY = YES;
				ENABLE_USER_SCRIPT_SANDBOXING = YES;
				GCC_C_LANGUAGE_STANDARD = gnu17;
				GCC_DYNAMIC_NO_PIC = NO;
				GCC_NO_COMMON_BLOCKS = YES;
				GCC_OPTIMIZATION_LEVEL = 0;
				GCC_PREPROCESSOR_DEFINITIONS = (
					"DEBUG=1",
					"$(inherited)",
				);
				GCC_WARN_64_TO_32_BIT_CONVERSION = YES;
				GCC_WARN_ABOUT_RETURN_TYPE = YES_ERROR;
				GCC_WARN_UNDECLARED_SELECTOR = YES;
				GCC_WARN_UNINITIALIZED_AUTOS = YES_AGGRESSIVE;
				GCC_WARN_UNUSED_FUNCTION = YES;
				GCC_WARN_UNUSED_VARIABLE = YES;
				IPHONEOS_DEPLOYMENT_TARGET = 17.0;
				LOCALIZATION_PREFERS_STRING_CATALOGS = YES;
				MTL_ENABLE_DEBUG_INFO = INCLUDE_SOURCE;
				MTL_FAST_MATH = YES;
				ONLY_ACTIVE_ARCH = YES;
				SDKROOT = iphoneos;
				SWIFT_ACTIVE_COMPILATION_CONDITIONS = "DEBUG $(inherited)";
				SWIFT_OPTIMIZATION_LEVEL = "-Onone";
			};
			name = Debug;
		};
		8CB4A81F2C6F665E00BFC231 /* Release */ = {
			isa = XCBuildConfiguration;
			buildSettings = {
				ALWAYS_SEARCH_USER_PATHS = NO;
				ASSETCATALOG_COMPILER_GENERATE_SWIFT_ASSET_SYMBOL_EXTENSIONS = YES;
				CLANG_ANALYZER_NONNULL = YES;
				CLANG_ANALYZER_NUMBER_OBJECT_CONVERSION = YES_AGGRESSIVE;
				CLANG_CXX_LANGUAGE_STANDARD = "gnu++20";
				CLANG_ENABLE_MODULES = YES;
				CLANG_ENABLE_OBJC_ARC = YES;
				CLANG_ENABLE_OBJC_WEAK = YES;
				CLANG_WARN_BLOCK_CAPTURE_AUTORELEASING = YES;
				CLANG_WARN_BOOL_CONVERSION = YES;
				CLANG_WARN_COMMA = YES;
				CLANG_WARN_CONSTANT_CONVERSION = YES;
				CLANG_WARN_DEPRECATED_OBJC_IMPLEMENTATIONS = YES;
				CLANG_WARN_DIRECT_OBJC_ISA_USAGE = YES_ERROR;
				CLANG_WARN_DOCUMENTATION_COMMENTS = YES;
				CLANG_WARN_EMPTY_BODY = YES;
				CLANG_WARN_ENUM_CONVERSION = YES;
				CLANG_WARN_INFINITE_RECURSION = YES;
				CLANG_WARN_INT_CONVERSION = YES;
				CLANG_WARN_NON_LITERAL_NULL_CONVERSION = YES;
				CLANG_WARN_OBJC_IMPLICIT_RETAIN_SELF = YES;
				CLANG_WARN_OBJC_LITERAL_CONVERSION = YES;
				CLANG_WARN_OBJC_ROOT_CLASS = YES_ERROR;
				CLANG_WARN_QUOTED_INCLUDE_IN_FRAMEWORK_HEADER = YES;
				CLANG_WARN_RANGE_LOOP_ANALYSIS = YES;
				CLANG_WARN_STRICT_PROTOTYPES = YES;
				CLANG_WARN_SUSPICIOUS_MOVE = YES;
				CLANG_WARN_UNGUARDED_AVAILABILITY = YES_AGGRESSIVE;
				CLANG_WARN_UNREACHABLE_CODE = YES;
				CLANG_WARN__DUPLICATE_METHOD_MATCH = YES;
				COPY_PHASE_STRIP = NO;
				DEBUG_INFORMATION_FORMAT = "dwarf-with-dsym";
				ENABLE_NS_ASSERTIONS = NO;
				ENABLE_STRICT_OBJC_MSGSEND = YES;
				ENABLE_USER_SCRIPT_SANDBOXING = YES;
				GCC_C_LANGUAGE_STANDARD = gnu17;
				GCC_NO_COMMON_BLOCKS = YES;
				GCC_WARN_64_TO_32_BIT_CONVERSION = YES;
				GCC_WARN_ABOUT_RETURN_TYPE = YES_ERROR;
				GCC_WARN_UNDECLARED_SELECTOR = YES;
				GCC_WARN_UNINITIALIZED_AUTOS = YES_AGGRESSIVE;
				GCC_WARN_UNUSED_FUNCTION = YES;
				GCC_WARN_UNUSED_VARIABLE = YES;
				IPHONEOS_DEPLOYMENT_TARGET = 17.0;
				LOCALIZATION_PREFERS_STRING_CATALOGS = YES;
				MTL_ENABLE_DEBUG_INFO = NO;
				MTL_FAST_MATH = YES;
				SDKROOT = iphoneos;
				SWIFT_COMPILATION_MODE = wholemodule;
				VALIDATE_PRODUCT = YES;
			};
			name = Release;
		};
		8CB4A8212C6F665E00BFC231 /* Debug */ = {
			isa = XCBuildConfiguration;
			buildSettings = {
				ASSETCATALOG_COMPILER_APPICON_NAME = AppIcon;
				ASSETCATALOG_COMPILER_GLOBAL_ACCENT_COLOR_NAME = AccentColor;
				CODE_SIGN_ENTITLEMENTS = maa/maa.entitlements;
				CODE_SIGN_STYLE = Automatic;
				CURRENT_PROJECT_VERSION = 1;
				DEVELOPMENT_ASSET_PATHS = "\"maa/Preview Content\"";
				DEVELOPMENT_TEAM = N8UAK95HX5;
				ENABLE_PREVIEWS = YES;
				GENERATE_INFOPLIST_FILE = YES;
				INFOPLIST_FILE = maa/Info.plist;
				INFOPLIST_KEY_UIApplicationSceneManifest_Generation = YES;
				INFOPLIST_KEY_UIApplicationSupportsIndirectInputEvents = YES;
				INFOPLIST_KEY_UILaunchScreen_Generation = YES;
				INFOPLIST_KEY_UISupportedInterfaceOrientations = UIInterfaceOrientationPortrait;
				INFOPLIST_KEY_UISupportedInterfaceOrientations_iPad = "UIInterfaceOrientationLandscapeLeft UIInterfaceOrientationLandscapeRight UIInterfaceOrientationPortrait UIInterfaceOrientationPortraitUpsideDown";
				IPHONEOS_DEPLOYMENT_TARGET = 17.0;
				LD_RUNPATH_SEARCH_PATHS = (
					"$(inherited)",
					"@executable_path/Frameworks",
				);
				MARKETING_VERSION = 1.0;
				PRODUCT_BUNDLE_IDENTIFIER = to.maa;
				PRODUCT_NAME = "$(TARGET_NAME)";
				SUPPORTED_PLATFORMS = "iphoneos iphonesimulator";
				SUPPORTS_MACCATALYST = NO;
				SUPPORTS_MAC_DESIGNED_FOR_IPHONE_IPAD = NO;
				SUPPORTS_XR_DESIGNED_FOR_IPHONE_IPAD = NO;
				SWIFT_EMIT_LOC_STRINGS = YES;
				SWIFT_VERSION = 5.0;
				TARGETED_DEVICE_FAMILY = 1;
			};
			name = Debug;
		};
		8CB4A8222C6F665E00BFC231 /* Release */ = {
			isa = XCBuildConfiguration;
			buildSettings = {
				ASSETCATALOG_COMPILER_APPICON_NAME = AppIcon;
				ASSETCATALOG_COMPILER_GLOBAL_ACCENT_COLOR_NAME = AccentColor;
				CODE_SIGN_ENTITLEMENTS = maa/maa.entitlements;
				CODE_SIGN_STYLE = Automatic;
				CURRENT_PROJECT_VERSION = 1;
				DEVELOPMENT_ASSET_PATHS = "\"maa/Preview Content\"";
				DEVELOPMENT_TEAM = N8UAK95HX5;
				ENABLE_PREVIEWS = YES;
				GENERATE_INFOPLIST_FILE = YES;
				INFOPLIST_FILE = maa/Info.plist;
				INFOPLIST_KEY_UIApplicationSceneManifest_Generation = YES;
				INFOPLIST_KEY_UIApplicationSupportsIndirectInputEvents = YES;
				INFOPLIST_KEY_UILaunchScreen_Generation = YES;
				INFOPLIST_KEY_UISupportedInterfaceOrientations = UIInterfaceOrientationPortrait;
				INFOPLIST_KEY_UISupportedInterfaceOrientations_iPad = "UIInterfaceOrientationLandscapeLeft UIInterfaceOrientationLandscapeRight UIInterfaceOrientationPortrait UIInterfaceOrientationPortraitUpsideDown";
				IPHONEOS_DEPLOYMENT_TARGET = 17.0;
				LD_RUNPATH_SEARCH_PATHS = (
					"$(inherited)",
					"@executable_path/Frameworks",
				);
				MARKETING_VERSION = 1.0;
				PRODUCT_BUNDLE_IDENTIFIER = to.maa;
				PRODUCT_NAME = "$(TARGET_NAME)";
				SUPPORTED_PLATFORMS = "iphoneos iphonesimulator";
				SUPPORTS_MACCATALYST = NO;
				SUPPORTS_MAC_DESIGNED_FOR_IPHONE_IPAD = NO;
				SUPPORTS_XR_DESIGNED_FOR_IPHONE_IPAD = NO;
				SWIFT_EMIT_LOC_STRINGS = YES;
				SWIFT_VERSION = 5.0;
				TARGETED_DEVICE_FAMILY = 1;
			};
			name = Release;
		};
/* End XCBuildConfiguration section */

/* Begin XCConfigurationList section */
		8CB4A80D2C6F665D00BFC231 /* Build configuration list for PBXProject "maa" */ = {
			isa = XCConfigurationList;
			buildConfigurations = (
				8CB4A81E2C6F665E00BFC231 /* Debug */,
				8CB4A81F2C6F665E00BFC231 /* Release */,
			);
			defaultConfigurationIsVisible = 0;
			defaultConfigurationName = Release;
		};
		8CB4A8202C6F665E00BFC231 /* Build configuration list for PBXNativeTarget "maa" */ = {
			isa = XCConfigurationList;
			buildConfigurations = (
				8CB4A8212C6F665E00BFC231 /* Debug */,
				8CB4A8222C6F665E00BFC231 /* Release */,
			);
			defaultConfigurationIsVisible = 0;
			defaultConfigurationName = Release;
		};
/* End XCConfigurationList section */

/* Begin XCRemoteSwiftPackageReference section */
		8CB4A83A2C6F741200BFC231 /* XCRemoteSwiftPackageReference "firebase-ios-sdk" */ = {
			isa = XCRemoteSwiftPackageReference;
			repositoryURL = "https://github.com/firebase/firebase-ios-sdk";
			requirement = {
				kind = upToNextMajorVersion;
				minimumVersion = 11.0.0;
			};
		};
/* End XCRemoteSwiftPackageReference section */

/* Begin XCSwiftPackageProductDependency section */
		8CB4A83B2C6F741200BFC231 /* FirebaseAnalytics */ = {
			isa = XCSwiftPackageProductDependency;
			package = 8CB4A83A2C6F741200BFC231 /* XCRemoteSwiftPackageReference "firebase-ios-sdk" */;
			productName = FirebaseAnalytics;
		};
		8CB4A83D2C6F74AE00BFC231 /* FirebaseMessaging */ = {
			isa = XCSwiftPackageProductDependency;
			package = 8CB4A83A2C6F741200BFC231 /* XCRemoteSwiftPackageReference "firebase-ios-sdk" */;
			productName = FirebaseMessaging;
		};
/* End XCSwiftPackageProductDependency section */
	};
	rootObject = 8CB4A80A2C6F665D00BFC231 /* Project object */;
}
